
Microsoft Visual Studio Solution File, Format Version 12.00
# Visual Studio Version 16
VisualStudioVersion = 16.0.29806.167
MinimumVisualStudioVersion = 10.0.40219.1
Project("{FAE04EC0-301F-11D3-BF4B-00C04F79EFBC}") = "LocalizationSample.Android", "LocalizationSample.Android\LocalizationSample.Android.csproj", "{72473625-7049-433A-8F54-4C73CDC874FE}"
EndProject
Project("{FAE04EC0-301F-11D3-BF4B-00C04F79EFBC}") = "LocalizationSample.iOS", "LocalizationSample.iOS\LocalizationSample.iOS.csproj", "{D606D51C-E5AC-473A-A187-F2E6C50EF38C}"
EndProject
Project("{FAE04EC0-301F-11D3-BF4B-00C04F79EFBC}") = "LocalizationSample", "LocalizationSample\LocalizationSample.csproj", "{46771B02-16D5-4783-9778-F55937E1923B}"
EndProject
Global
	GlobalSection(SolutionConfigurationPlatforms) = preSolution
		Debug|Any CPU = Debug|Any CPU
		Debug|iPhone = Debug|iPhone
		Debug|iPhoneSimulator = Debug|iPhoneSimulator
		Release|Any CPU = Release|Any CPU
		Release|iPhone = Release|iPhone
		Release|iPhoneSimulator = Release|iPhoneSimulator
	EndGlobalSection
	GlobalSection(ProjectConfigurationPlatforms) = postSolution
		{72473625-7049-433A-8F54-4C73CDC874FE}.Debug|Any CPU.ActiveCfg = Debug|Any CPU
		{72473625-7049-433A-8F54-4C73CDC874FE}.Debug|Any CPU.Build.0 = Debug|Any CPU
		{72473625-7049-433A-8F54-4C73CDC874FE}.Debug|Any CPU.Deploy.0 = Debug|Any CPU
		{72473625-7049-433A-8F54-4C73CDC874FE}.Debug|iPhone.ActiveCfg = Debug|Any CPU
		{72473625-7049-433A-8F54-4C73CDC874FE}.Debug|iPhone.Build.0 = Debug|Any CPU
		{72473625-7049-433A-8F54-4C73CDC874FE}.Debug|iPhone.Deploy.0 = Debug|Any CPU
		{72473625-7049-433A-8F54-4C73CDC874FE}.Debug|iPhoneSimulator.ActiveCfg = Debug|Any CPU
		{72473625-7049-433A-8F54-4C73CDC874FE}.Debug|iPhoneSimulator.Build.0 = Debug|Any CPU
		{72473625-7049-433A-8F54-4C73CDC874FE}.Debug|iPhoneSimulator.Deploy.0 = Debug|Any CPU
		{72473625-7049-433A-8F54-4C73CDC874FE}.Release|Any CPU.ActiveCfg = Release|Any CPU
		{72473625-7049-433A-8F54-4C73CDC874FE}.Release|Any CPU.Build.0 = Release|Any CPU
		{72473625-7049-433A-8F54-4C73CDC874FE}.Release|Any CPU.Deploy.0 = Release|Any CPU
		{72473625-7049-433A-8F54-4C73CDC874FE}.Release|iPhone.ActiveCfg = Release|Any CPU
		{72473625-7049-433A-8F54-4C73CDC874FE}.Release|iPhone.Build.0 = Release|Any CPU
		{72473625-7049-433A-8F54-4C73CDC874FE}.Release|iPhone.Deploy.0 = Release|Any CPU
		{72473625-7049-433A-8F54-4C73CDC874FE}.Release|iPhoneSimulator.ActiveCfg = Release|Any CPU
		{72473625-7049-433A-8F54-4C73CDC874FE}.Release|iPhoneSimulator.Build.0 = Release|Any CPU
		{72473625-7049-433A-8F54-4C73CDC874FE}.Release|iPhoneSimulator.Deploy.0 = Release|Any CPU
		{D606D51C-E5AC-473A-A187-F2E6C50EF38C}.Debug|Any CPU.ActiveCfg = Debug|iPhoneSimulator
		{D606D51C-E5AC-473A-A187-F2E6C50EF38C}.Debug|Any CPU.Build.0 = Debug|iPhoneSimulator
		{D606D51C-E5AC-473A-A187-F2E6C50EF38C}.Debug|Any CPU.Deploy.0 = Debug|iPhoneSimulator
		{D606D51C-E5AC-473A-A187-F2E6C50EF38C}.Debug|iPhone.ActiveCfg = Debug|iPhone
		{D606D51C-E5AC-473A-A187-F2E6C50EF38C}.Debug|iPhone.Build.0 = Debug|iPhone
		{D606D51C-E5AC-473A-A187-F2E6C50EF38C}.Debug|iPhone.Deploy.0 = Debug|iPhone
		{D606D51C-E5AC-473A-A187-F2E6C50EF38C}.Debug|iPhoneSimulator.ActiveCfg = Debug|iPhoneSimulator
		{D606D51C-E5AC-473A-A187-F2E6C50EF38C}.Debug|iPhoneSimulator.Build.0 = Debug|iPhoneSimulator
		{D606D51C-E5AC-473A-A187-F2E6C50EF38C}.Debug|iPhoneSimulator.Deploy.0 = Debug|iPhoneSimulator
		{D606D51C-E5AC-473A-A187-F2E6C50EF38C}.Release|Any CPU.ActiveCfg = Release|iPhone
		{D606D51C-E5AC-473A-A187-F2E6C50EF38C}.Release|Any CPU.Build.0 = Release|iPhone
		{D606D51C-E5AC-473A-A187-F2E6C50EF38C}.Release|Any CPU.Deploy.0 = Release|iPhone
		{D606D51C-E5AC-473A-A187-F2E6C50EF38C}.Release|iPhone.ActiveCfg = Release|iPhone
		{D606D51C-E5AC-473A-A187-F2E6C50EF38C}.Release|iPhone.Build.0 = Release|iPhone
		{D606D51C-E5AC-473A-A187-F2E6C50EF38C}.Release|iPhone.Deploy.0 = Release|iPhone
		{D606D51C-E5AC-473A-A187-F2E6C50EF38C}.Release|iPhoneSimulator.ActiveCfg = Release|iPhoneSimulator
		{D606D51C-E5AC-473A-A187-F2E6C50EF38C}.Release|iPhoneSimulator.Build.0 = Release|iPhoneSimulator
		{D606D51C-E5AC-473A-A187-F2E6C50EF38C}.Release|iPhoneSimulator.Deploy.0 = Release|iPhoneSimulator
		{46771B02-16D5-4783-9778-F55937E1923B}.Debug|Any CPU.ActiveCfg = Debug|Any CPU
		{46771B02-16D5-4783-9778-F55937E1923B}.Debug|Any CPU.Build.0 = Debug|Any CPU
		{46771B02-16D5-4783-9778-F55937E1923B}.Debug|Any CPU.Deploy.0 = Debug|Any CPU
		{46771B02-16D5-4783-9778-F55937E1923B}.Debug|iPhone.ActiveCfg = Debug|Any CPU
		{46771B02-16D5-4783-9778-F55937E1923B}.Debug|iPhone.Build.0 = Debug|Any CPU
		{46771B02-16D5-4783-9778-F55937E1923B}.Debug|iPhone.Deploy.0 = Debug|Any CPU
		{46771B02-16D5-4783-9778-F55937E1923B}.Debug|iPhoneSimulator.ActiveCfg = Debug|Any CPU
		{46771B02-16D5-4783-9778-F55937E1923B}.Debug|iPhoneSimulator.Build.0 = Debug|Any CPU
		{46771B02-16D5-4783-9778-F55937E1923B}.Debug|iPhoneSimulator.Deploy.0 = Debug|Any CPU
		{46771B02-16D5-4783-9778-F55937E1923B}.Release|Any CPU.ActiveCfg = Release|Any CPU
		{46771B02-16D5-4783-9778-F55937E1923B}.Release|Any CPU.Build.0 = Release|Any CPU
		{46771B02-16D5-4783-9778-F55937E1923B}.Release|Any CPU.Deploy.0 = Release|Any CPU
		{46771B02-16D5-4783-9778-F55937E1923B}.Release|iPhone.ActiveCfg = Release|Any CPU
		{46771B02-16D5-4783-9778-F55937E1923B}.Release|iPhone.Build.0 = Release|Any CPU
		{46771B02-16D5-4783-9778-F55937E1923B}.Release|iPhone.Deploy.0 = Release|Any CPU
		{46771B02-16D5-4783-9778-F55937E1923B}.Release|iPhoneSimulator.ActiveCfg = Release|Any CPU
		{46771B02-16D5-4783-9778-F55937E1923B}.Release|iPhoneSimulator.Build.0 = Release|Any CPU
		{46771B02-16D5-4783-9778-F55937E1923B}.Release|iPhoneSimulator.Deploy.0 = Release|Any CPU
	EndGlobalSection
	GlobalSection(SolutionProperties) = preSolution
		HideSolutionNode = FALSE
	EndGlobalSection
	GlobalSection(ExtensibilityGlobals) = postSolution
		SolutionGuid = {5F4E6EBD-3615-4879-93B8-25292C53D4CC}
	EndGlobalSection
EndGlobal
